version: 1.0
shards:
  crest:
    github: mamantoha/crest
    commit: 937fe0f90e163f3b55c75534fe98d22d87073e8e

  http-client-digest_auth:
    github: mamantoha/http-client-digest_auth
    version: 0.4.0

  http_proxy:
    github: mamantoha/http_proxy
    version: 0.7.1

  invest_api:
    path: ../../InvestApi
    version: 0.1.0

